# This file is automatically @generated by Cargo.
# It is not intended for manual editing.
version = 4

[[package]]
name = "anvilml-core"
version = "0.1.0"

[[package]]
name = "anvilml-hardware"
version = "0.1.0"

[[package]]
name = "anvilml-ipc"
version = "0.1.0"

[[package]]
name = "anvilml-openapi"
version = "0.1.0"

[[package]]
name = "anvilml-registry"
version = "0.1.0"

[[package]]
name = "anvilml-scheduler"
version = "0.1.0"

[[package]]
name = "anvilml-server"
version = "0.1.0"

[[package]]
name = "anvilml-worker"
version = "0.1.0"

[[package]]
name = "backend"
version = "0.1.0"
